
Microsoft Visual Studio Solution File, Format Version 12.00
# Visual Studio 15
VisualStudioVersion = 15.0.27130.2036
MinimumVisualStudioVersion = 10.0.40219.1
Project("{FAE04EC0-301F-11D3-BF4B-00C04F79EFBC}") = "Sample", "Sample\Sample.csproj", "{D205F258-5CE9-4293-8BDB-75402CF2C381}"
EndProject
Project("{FAE04EC0-301F-11D3-BF4B-00C04F79EFBC}") = "Sample.Tests", "Sample.Tests\Sample.Tests.csproj", "{441F0FA2-E7FF-41CD-AACF-927B7A087B73}"
EndProject
Global
	GlobalSection(SolutionConfigurationPlatforms) = preSolution
		Debug|Any CPU = Debug|Any CPU
		Release|Any CPU = Release|Any CPU
	EndGlobalSection
	GlobalSection(ProjectConfigurationPlatforms) = postSolution
		{D205F258-5CE9-4293-8BDB-75402CF2C381}.Debug|Any CPU.ActiveCfg = Debug|Any CPU
		{D205F258-5CE9-4293-8BDB-75402CF2C381}.Debug|Any CPU.Build.0 = Debug|Any CPU
		{D205F258-5CE9-4293-8BDB-75402CF2C381}.Release|Any CPU.ActiveCfg = Release|Any CPU
		{D205F258-5CE9-4293-8BDB-75402CF2C381}.Release|Any CPU.Build.0 = Release|Any CPU
		{441F0FA2-E7FF-41CD-AACF-927B7A087B73}.Debug|Any CPU.ActiveCfg = Debug|Any CPU
		{441F0FA2-E7FF-41CD-AACF-927B7A087B73}.Debug|Any CPU.Build.0 = Debug|Any CPU
		{441F0FA2-E7FF-41CD-AACF-927B7A087B73}.Release|Any CPU.ActiveCfg = Release|Any CPU
		{441F0FA2-E7FF-41CD-AACF-927B7A087B73}.Release|Any CPU.Build.0 = Release|Any CPU
	EndGlobalSection
	GlobalSection(SolutionProperties) = preSolution
		HideSolutionNode = FALSE
	EndGlobalSection
	GlobalSection(ExtensibilityGlobals) = postSolution
		SolutionGuid = {1E1C7321-49BF-45DD-A6C7-B9781973B202}
	EndGlobalSection
EndGlobal
